
Microsoft Visual Studio Solution File, Format Version 12.00
# Visual Studio Version 17
VisualStudioVersion = 17.6.33723.286
MinimumVisualStudioVersion = 10.0.40219.1
Project("{FAE04EC0-301F-11D3-BF4B-00C04F79EFBC}") = "BooksFromXml-0506", "BooksFromXml-0506\BooksFromXml-0506.csproj", "{2DB7D416-FD82-4E9A-8299-C438FEBC97B9}"
EndProject
Global
	GlobalSection(SolutionConfigurationPlatforms) = preSolution
		Debug|Any CPU = Debug|Any CPU
		Release|Any CPU = Release|Any CPU
	EndGlobalSection
	GlobalSection(ProjectConfigurationPlatforms) = postSolution
		{2DB7D416-FD82-4E9A-8299-C438FEBC97B9}.Debug|Any CPU.ActiveCfg = Debug|Any CPU
		{2DB7D416-FD82-4E9A-8299-C438FEBC97B9}.Debug|Any CPU.Build.0 = Debug|Any CPU
		{2DB7D416-FD82-4E9A-8299-C438FEBC97B9}.Release|Any CPU.ActiveCfg = Release|Any CPU
		{2DB7D416-FD82-4E9A-8299-C438FEBC97B9}.Release|Any CPU.Build.0 = Release|Any CPU
	EndGlobalSection
	GlobalSection(SolutionProperties) = preSolution
		HideSolutionNode = FALSE
	EndGlobalSection
	GlobalSection(ExtensibilityGlobals) = postSolution
		SolutionGuid = {A9C7C1E4-8CB9-46D1-BECB-71B0A65E9799}
	EndGlobalSection
EndGlobal
